
Microsoft Visual Studio Solution File, Format Version 12.00
# Visual Studio Version 16
VisualStudioVersion = 16.0.29009.5
MinimumVisualStudioVersion = 10.0.40219.1
Project("{FAE04EC0-301F-11D3-BF4B-00C04F79EFBC}") = "Aufgabe_5_2", "Aufgabe_5_2\Aufgabe_5_2.csproj", "{380CB779-9F47-4B77-B54A-D7A6E2F56FBD}"
EndProject
Global
	GlobalSection(SolutionConfigurationPlatforms) = preSolution
		Debug|Any CPU = Debug|Any CPU
		Release|Any CPU = Release|Any CPU
	EndGlobalSection
	GlobalSection(ProjectConfigurationPlatforms) = postSolution
		{380CB779-9F47-4B77-B54A-D7A6E2F56FBD}.Debug|Any CPU.ActiveCfg = Debug|Any CPU
		{380CB779-9F47-4B77-B54A-D7A6E2F56FBD}.Debug|Any CPU.Build.0 = Debug|Any CPU
		{380CB779-9F47-4B77-B54A-D7A6E2F56FBD}.Release|Any CPU.ActiveCfg = Release|Any CPU
		{380CB779-9F47-4B77-B54A-D7A6E2F56FBD}.Release|Any CPU.Build.0 = Release|Any CPU
	EndGlobalSection
	GlobalSection(SolutionProperties) = preSolution
		HideSolutionNode = FALSE
	EndGlobalSection
	GlobalSection(ExtensibilityGlobals) = postSolution
		SolutionGuid = {25D6D59F-A740-4017-9FF5-D4AD0E938C05}
	EndGlobalSection
EndGlobal
